
Microsoft Visual Studio Solution File, Format Version 12.00
# Visual Studio Version 17
VisualStudioVersion = 17.14.36301.6 d17.14
MinimumVisualStudioVersion = 10.0.40219.1
Project("{FAE04EC0-301F-11D3-BF4B-00C04F79EFBC}") = "TransferDataBetweenTwoTables", "TransferDataBetweenTwoTables\TransferDataBetweenTwoTables.csproj", "{4C360F3B-5758-4A49-906D-5ED1966F932C}"
EndProject
Global
	GlobalSection(SolutionConfigurationPlatforms) = preSolution
		Debug|Any CPU = Debug|Any CPU
		Release|Any CPU = Release|Any CPU
	EndGlobalSection
	GlobalSection(ProjectConfigurationPlatforms) = postSolution
		{4C360F3B-5758-4A49-906D-5ED1966F932C}.Debug|Any CPU.ActiveCfg = Debug|Any CPU
		{4C360F3B-5758-4A49-906D-5ED1966F932C}.Debug|Any CPU.Build.0 = Debug|Any CPU
		{4C360F3B-5758-4A49-906D-5ED1966F932C}.Release|Any CPU.ActiveCfg = Release|Any CPU
		{4C360F3B-5758-4A49-906D-5ED1966F932C}.Release|Any CPU.Build.0 = Release|Any CPU
	EndGlobalSection
	GlobalSection(SolutionProperties) = preSolution
		HideSolutionNode = FALSE
	EndGlobalSection
	GlobalSection(ExtensibilityGlobals) = postSolution
		SolutionGuid = {BCDD59D3-5186-4FD1-9A52-234F2D537D41}
	EndGlobalSection
EndGlobal
